
Microsoft Visual Studio Solution File, Format Version 12.00
# Visual Studio 2012
Project("{FAE04EC0-301F-11D3-BF4B-00C04F79EFBC}") = "PruebaSQLenCasa", "PruebaSQLenCasa\PruebaSQLenCasa.csproj", "{B888E6DD-81A4-4D33-9CCE-F6CFE641C1AB}"
EndProject
Global
	GlobalSection(SolutionConfigurationPlatforms) = preSolution
		Debug|Any CPU = Debug|Any CPU
		Release|Any CPU = Release|Any CPU
	EndGlobalSection
	GlobalSection(ProjectConfigurationPlatforms) = postSolution
		{B888E6DD-81A4-4D33-9CCE-F6CFE641C1AB}.Debug|Any CPU.ActiveCfg = Debug|Any CPU
		{B888E6DD-81A4-4D33-9CCE-F6CFE641C1AB}.Debug|Any CPU.Build.0 = Debug|Any CPU
		{B888E6DD-81A4-4D33-9CCE-F6CFE641C1AB}.Release|Any CPU.ActiveCfg = Release|Any CPU
		{B888E6DD-81A4-4D33-9CCE-F6CFE641C1AB}.Release|Any CPU.Build.0 = Release|Any CPU
	EndGlobalSection
	GlobalSection(SolutionProperties) = preSolution
		HideSolutionNode = FALSE
	EndGlobalSection
EndGlobal
