
Microsoft Visual Studio Solution File, Format Version 12.00
# Visual Studio 15
VisualStudioVersion = 15.0.27703.2047
MinimumVisualStudioVersion = 10.0.40219.1
Project("{FAE04EC0-301F-11D3-BF4B-00C04F79EFBC}") = "EntidadesPracticaPreRecuperatorio", "EntidadesPracticaPreRecuperatorio\EntidadesPracticaPreRecuperatorio.csproj", "{406F4916-C6B7-4485-91DF-527CFAB0B12C}"
EndProject
Project("{FAE04EC0-301F-11D3-BF4B-00C04F79EFBC}") = "TestConsola", "TestConsola\TestConsola.csproj", "{65018272-1B2C-48F3-BB20-40396C872175}"
EndProject
Global
	GlobalSection(SolutionConfigurationPlatforms) = preSolution
		Debug|Any CPU = Debug|Any CPU
		Release|Any CPU = Release|Any CPU
	EndGlobalSection
	GlobalSection(ProjectConfigurationPlatforms) = postSolution
		{406F4916-C6B7-4485-91DF-527CFAB0B12C}.Debug|Any CPU.ActiveCfg = Debug|Any CPU
		{406F4916-C6B7-4485-91DF-527CFAB0B12C}.Debug|Any CPU.Build.0 = Debug|Any CPU
		{406F4916-C6B7-4485-91DF-527CFAB0B12C}.Release|Any CPU.ActiveCfg = Release|Any CPU
		{406F4916-C6B7-4485-91DF-527CFAB0B12C}.Release|Any CPU.Build.0 = Release|Any CPU
		{65018272-1B2C-48F3-BB20-40396C872175}.Debug|Any CPU.ActiveCfg = Debug|Any CPU
		{65018272-1B2C-48F3-BB20-40396C872175}.Debug|Any CPU.Build.0 = Debug|Any CPU
		{65018272-1B2C-48F3-BB20-40396C872175}.Release|Any CPU.ActiveCfg = Release|Any CPU
		{65018272-1B2C-48F3-BB20-40396C872175}.Release|Any CPU.Build.0 = Release|Any CPU
	EndGlobalSection
	GlobalSection(SolutionProperties) = preSolution
		HideSolutionNode = FALSE
	EndGlobalSection
	GlobalSection(ExtensibilityGlobals) = postSolution
		SolutionGuid = {90E29A08-D846-488D-B868-407A9DBAEC17}
	EndGlobalSection
EndGlobal
